PODS:
  - Alamofire (5.4.4)
  - Moya (15.0.0):
    - Moya/Core (= 15.0.0)
  - Moya/Core (15.0.0):
    - Alamofire (~> 5.0)

DEPENDENCIES:
  - Moya

SPEC REPOS:
  trunk:
    - Alamofire
    - Moya

SPEC CHECKSUMS:
  Alamofire: f3b09a368f1582ab751b3fff5460276e0d2cf5c9
  Moya: 138f0573e53411fb3dc17016add0b748dfbd78ee

PODFILE CHECKSUM: a22ce5e7a9d09801d72ca4886166b6039d67255a

COCOAPODS: 1.11.2
